
Microsoft Visual Studio Solution File, Format Version 12.00
# Visual Studio Version 16
VisualStudioVersion = 16.0.29411.138
MinimumVisualStudioVersion = 10.0.40219.1
Project("{9A19103F-16F7-4668-BE54-9A1E7A4F7556}") = "SimpleMVC", "SimpleMVC\SimpleMVC.csproj", "{8956A329-DE31-420D-81A0-CFDFC3A58789}"
EndProject
Project("{FAE04EC0-301F-11D3-BF4B-00C04F79EFBC}") = "SimpleBlazor", "SimpleBlazor\SimpleBlazor.csproj", "{07248503-14EA-408D-950E-34F319297540}"
EndProject
Global
	GlobalSection(SolutionConfigurationPlatforms) = preSolution
		Debug|Any CPU = Debug|Any CPU
		Release|Any CPU = Release|Any CPU
	EndGlobalSection
	GlobalSection(ProjectConfigurationPlatforms) = postSolution
		{8956A329-DE31-420D-81A0-CFDFC3A58789}.Debug|Any CPU.ActiveCfg = Debug|Any CPU
		{8956A329-DE31-420D-81A0-CFDFC3A58789}.Debug|Any CPU.Build.0 = Debug|Any CPU
		{8956A329-DE31-420D-81A0-CFDFC3A58789}.Release|Any CPU.ActiveCfg = Release|Any CPU
		{8956A329-DE31-420D-81A0-CFDFC3A58789}.Release|Any CPU.Build.0 = Release|Any CPU
		{07248503-14EA-408D-950E-34F319297540}.Debug|Any CPU.ActiveCfg = Debug|Any CPU
		{07248503-14EA-408D-950E-34F319297540}.Debug|Any CPU.Build.0 = Debug|Any CPU
		{07248503-14EA-408D-950E-34F319297540}.Release|Any CPU.ActiveCfg = Release|Any CPU
		{07248503-14EA-408D-950E-34F319297540}.Release|Any CPU.Build.0 = Release|Any CPU
	EndGlobalSection
	GlobalSection(SolutionProperties) = preSolution
		HideSolutionNode = FALSE
	EndGlobalSection
	GlobalSection(ExtensibilityGlobals) = postSolution
		SolutionGuid = {B5B3C81B-2AD0-4AD8-9684-1B71CF952E23}
	EndGlobalSection
EndGlobal
